// !$*UTF8*$!
{
	archiveVersion = 1;
	classes = {
	};
	objectVersion = 56;
	objects = {

/* Begin PBXBuildFile section */
		D7134A7D2BD7219300A73CF4 /* LocationDeniedView.swift in Sources */ = {isa = PBXBuildFile; fileRef = D7134A7C2BD7219300A73CF4 /* LocationDeniedView.swift */; };
		D75C50502BA54FE40006218B /* MyMapApp.swift in Sources */ = {isa = PBXBuildFile; fileRef = D75C504F2BA54FE40006218B /* MyMapApp.swift */; };
		D75C50542BA54FE70006218B /* Assets.xcassets in Resources */ = {isa = PBXBuildFile; fileRef = D75C50532BA54FE70006218B /* Assets.xcassets */; };
		D75C50572BA54FE70006218B /* Preview Assets.xcassets in Resources */ = {isa = PBXBuildFile; fileRef = D75C50562BA54FE70006218B /* Preview Assets.xcassets */; };
		D75C505E2BA5516B0006218B /* StartTab.swift in Sources */ = {isa = PBXBuildFile; fileRef = D75C505D2BA5516B0006218B /* StartTab.swift */; };
		D75C50612BA7BBD00006218B /* DestinationLocationsMapView.swift in Sources */ = {isa = PBXBuildFile; fileRef = D75C50602BA7BBD00006218B /* DestinationLocationsMapView.swift */; };
		D75C50642BA8F88C0006218B /* TripMapView.swift in Sources */ = {isa = PBXBuildFile; fileRef = D75C50632BA8F88C0006218B /* TripMapView.swift */; };
		D75C50662BAE19AE0006218B /* Launch Screen.storyboard in Resources */ = {isa = PBXBuildFile; fileRef = D75C50652BAE19AE0006218B /* Launch Screen.storyboard */; };
		D75C50682BB111FE0006218B /* SampleParisLocations.swift in Sources */ = {isa = PBXBuildFile; fileRef = D75C50672BB111FE0006218B /* SampleParisLocations.swift */; };
		D75C506B2BB6FD790006218B /* Destination.swift in Sources */ = {isa = PBXBuildFile; fileRef = D75C506A2BB6FD790006218B /* Destination.swift */; };
		D75C506D2BBA230A0006218B /* MTPlacemark.swift in Sources */ = {isa = PBXBuildFile; fileRef = D75C506C2BBA230A0006218B /* MTPlacemark.swift */; };
		D75C50712BBCCBF40006218B /* DestinationsListView.swift in Sources */ = {isa = PBXBuildFile; fileRef = D75C50702BBCCBF40006218B /* DestinationsListView.swift */; };
		D75C50742BBF75080006218B /* MapManager.swift in Sources */ = {isa = PBXBuildFile; fileRef = D75C50732BBF75080006218B /* MapManager.swift */; };
		D75C50772BCADD420006218B /* LocationDetailView.swift in Sources */ = {isa = PBXBuildFile; fileRef = D75C50762BCADD420006218B /* LocationDetailView.swift */; };
		D7BD96792BD1FB6700C2DF80 /* LocationManager.swift in Sources */ = {isa = PBXBuildFile; fileRef = D7BD96782BD1FB6700C2DF80 /* LocationManager.swift */; };
/* End PBXBuildFile section */

/* Begin PBXFileReference section */
		D7134A7C2BD7219300A73CF4 /* LocationDeniedView.swift */ = {isa = PBXFileReference; lastKnownFileType = sourcecode.swift; path = LocationDeniedView.swift; sourceTree = "<group>"; };
		D75C504C2BA54FE40006218B /* MyMap.app */ = {isa = PBXFileReference; explicitFileType = wrapper.application; includeInIndex = 0; path = MyMap.app; sourceTree = BUILT_PRODUCTS_DIR; };
		D75C504F2BA54FE40006218B /* MyMapApp.swift */ = {isa = PBXFileReference; lastKnownFileType = sourcecode.swift; path = MyMapApp.swift; sourceTree = "<group>"; };
		D75C50532BA54FE70006218B /* Assets.xcassets */ = {isa = PBXFileReference; lastKnownFileType = folder.assetcatalog; path = Assets.xcassets; sourceTree = "<group>"; };
		D75C50562BA54FE70006218B /* Preview Assets.xcassets */ = {isa = PBXFileReference; lastKnownFileType = folder.assetcatalog; path = "Preview Assets.xcassets"; sourceTree = "<group>"; };
		D75C505D2BA5516B0006218B /* StartTab.swift */ = {isa = PBXFileReference; lastKnownFileType = sourcecode.swift; path = StartTab.swift; sourceTree = "<group>"; };
		D75C50602BA7BBD00006218B /* DestinationLocationsMapView.swift */ = {isa = PBXFileReference; lastKnownFileType = sourcecode.swift; path = DestinationLocationsMapView.swift; sourceTree = "<group>"; };
		D75C50632BA8F88C0006218B /* TripMapView.swift */ = {isa = PBXFileReference; lastKnownFileType = sourcecode.swift; path = TripMapView.swift; sourceTree = "<group>"; };
		D75C50652BAE19AE0006218B /* Launch Screen.storyboard */ = {isa = PBXFileReference; lastKnownFileType = file.storyboard; path = "Launch Screen.storyboard"; sourceTree = "<group>"; };
		D75C50672BB111FE0006218B /* SampleParisLocations.swift */ = {isa = PBXFileReference; fileEncoding = 4; lastKnownFileType = sourcecode.swift; path = SampleParisLocations.swift; sourceTree = "<group>"; };
		D75C506A2BB6FD790006218B /* Destination.swift */ = {isa = PBXFileReference; lastKnownFileType = sourcecode.swift; path = Destination.swift; sourceTree = "<group>"; };
		D75C506C2BBA230A0006218B /* MTPlacemark.swift */ = {isa = PBXFileReference; lastKnownFileType = sourcecode.swift; path = MTPlacemark.swift; sourceTree = "<group>"; };
		D75C50702BBCCBF40006218B /* DestinationsListView.swift */ = {isa = PBXFileReference; lastKnownFileType = sourcecode.swift; path = DestinationsListView.swift; sourceTree = "<group>"; };
		D75C50732BBF75080006218B /* MapManager.swift */ = {isa = PBXFileReference; lastKnownFileType = sourcecode.swift; path = MapManager.swift; sourceTree = "<group>"; };
		D75C50762BCADD420006218B /* LocationDetailView.swift */ = {isa = PBXFileReference; lastKnownFileType = sourcecode.swift; path = LocationDetailView.swift; sourceTree = "<group>"; };
		D7BD96782BD1FB6700C2DF80 /* LocationManager.swift */ = {isa = PBXFileReference; lastKnownFileType = sourcecode.swift; path = LocationManager.swift; sourceTree = "<group>"; };
/* End PBXFileReference section */

/* Begin PBXFrameworksBuildPhase section */
		D75C50492BA54FE40006218B /* Frameworks */ = {
			isa = PBXFrameworksBuildPhase;
			buildActionMask = 2147483647;
			files = (
			);
			runOnlyForDeploymentPostprocessing = 0;
		};
/* End PBXFrameworksBuildPhase section */

/* Begin PBXGroup section */
		D75C50432BA54FE40006218B = {
			isa = PBXGroup;
			children = (
				D75C504E2BA54FE40006218B /* MyMap */,
				D75C504D2BA54FE40006218B /* Products */,
			);
			sourceTree = "<group>";
		};
		D75C504D2BA54FE40006218B /* Products */ = {
			isa = PBXGroup;
			children = (
				D75C504C2BA54FE40006218B /* MyMap.app */,
			);
			name = Products;
			sourceTree = "<group>";
		};
		D75C504E2BA54FE40006218B /* MyMap */ = {
			isa = PBXGroup;
			children = (
				D75C50622BA8F8490006218B /* My Trip Tab */,
				D75C505F2BA7BB7F0006218B /* Destinations Tab */,
				D75C504F2BA54FE40006218B /* MyMapApp.swift */,
				D75C50752BCADCCB0006218B /* Shared Views */,
				D75C50692BB6FD5C0006218B /* Models */,
				D75C50722BBF74C70006218B /* Services */,
				D75C50532BA54FE70006218B /* Assets.xcassets */,
				D75C50652BAE19AE0006218B /* Launch Screen.storyboard */,
				D75C50672BB111FE0006218B /* SampleParisLocations.swift */,
				D75C50552BA54FE70006218B /* Preview Content */,
			);
			path = MyMap;
			sourceTree = "<group>";
		};
		D75C50552BA54FE70006218B /* Preview Content */ = {
			isa = PBXGroup;
			children = (
				D75C50562BA54FE70006218B /* Preview Assets.xcassets */,
			);
			path = "Preview Content";
			sourceTree = "<group>";
		};
		D75C505F2BA7BB7F0006218B /* Destinations Tab */ = {
			isa = PBXGroup;
			children = (
				D75C50702BBCCBF40006218B /* DestinationsListView.swift */,
				D75C50602BA7BBD00006218B /* DestinationLocationsMapView.swift */,
			);
			path = "Destinations Tab";
			sourceTree = "<group>";
		};
		D75C50622BA8F8490006218B /* My Trip Tab */ = {
			isa = PBXGroup;
			children = (
				D75C50632BA8F88C0006218B /* TripMapView.swift */,
				D75C505D2BA5516B0006218B /* StartTab.swift */,
			);
			path = "My Trip Tab";
			sourceTree = "<group>";
		};
		D75C50692BB6FD5C0006218B /* Models */ = {
			isa = PBXGroup;
			children = (
				D75C506A2BB6FD790006218B /* Destination.swift */,
				D75C506C2BBA230A0006218B /* MTPlacemark.swift */,
			);
			path = Models;
			sourceTree = "<group>";
		};
		D75C50722BBF74C70006218B /* Services */ = {
			isa = PBXGroup;
			children = (
				D75C50732BBF75080006218B /* MapManager.swift */,
				D7BD96782BD1FB6700C2DF80 /* LocationManager.swift */,
			);
			path = Services;
			sourceTree = "<group>";
		};
		D75C50752BCADCCB0006218B /* Shared Views */ = {
			isa = PBXGroup;
			children = (
				D75C50762BCADD420006218B /* LocationDetailView.swift */,
				D7134A7C2BD7219300A73CF4 /* LocationDeniedView.swift */,
			);
			path = "Shared Views";
			sourceTree = "<group>";
		};
/* End PBXGroup section */

/* Begin PBXNativeTarget section */
		D75C504B2BA54FE40006218B /* MyMap */ = {
			isa = PBXNativeTarget;
			buildConfigurationList = D75C505A2BA54FE70006218B /* Build configuration list for PBXNativeTarget "MyMap" */;
			buildPhases = (
				D75C50482BA54FE40006218B /* Sources */,
				D75C50492BA54FE40006218B /* Frameworks */,
				D75C504A2BA54FE40006218B /* Resources */,
			);
			buildRules = (
			);
			dependencies = (
			);
			name = MyMap;
			productName = MyMap;
			productReference = D75C504C2BA54FE40006218B /* MyMap.app */;
			productType = "com.apple.product-type.application";
		};
/* End PBXNativeTarget section */

/* Begin PBXProject section */
		D75C50442BA54FE40006218B /* Project object */ = {
			isa = PBXProject;
			attributes = {
				BuildIndependentTargetsInParallel = 1;
				LastSwiftUpdateCheck = 1530;
				LastUpgradeCheck = 1530;
				TargetAttributes = {
					D75C504B2BA54FE40006218B = {
						CreatedOnToolsVersion = 15.3;
					};
				};
			};
			buildConfigurationList = D75C50472BA54FE40006218B /* Build configuration list for PBXProject "MyMap" */;
			compatibilityVersion = "Xcode 14.0";
			developmentRegion = en;
			hasScannedForEncodings = 0;
			knownRegions = (
				en,
				Base,
			);
			mainGroup = D75C50432BA54FE40006218B;
			productRefGroup = D75C504D2BA54FE40006218B /* Products */;
			projectDirPath = "";
			projectRoot = "";
			targets = (
				D75C504B2BA54FE40006218B /* MyMap */,
			);
		};
/* End PBXProject section */

/* Begin PBXResourcesBuildPhase section */
		D75C504A2BA54FE40006218B /* Resources */ = {
			isa = PBXResourcesBuildPhase;
			buildActionMask = 2147483647;
			files = (
				D75C50662BAE19AE0006218B /* Launch Screen.storyboard in Resources */,
				D75C50572BA54FE70006218B /* Preview Assets.xcassets in Resources */,
				D75C50542BA54FE70006218B /* Assets.xcassets in Resources */,
			);
			runOnlyForDeploymentPostprocessing = 0;
		};
/* End PBXResourcesBuildPhase section */

/* Begin PBXSourcesBuildPhase section */
		D75C50482BA54FE40006218B /* Sources */ = {
			isa = PBXSourcesBuildPhase;
			buildActionMask = 2147483647;
			files = (
				D75C505E2BA5516B0006218B /* StartTab.swift in Sources */,
				D7134A7D2BD7219300A73CF4 /* LocationDeniedView.swift in Sources */,
				D75C50642BA8F88C0006218B /* TripMapView.swift in Sources */,
				D75C50772BCADD420006218B /* LocationDetailView.swift in Sources */,
				D75C50612BA7BBD00006218B /* DestinationLocationsMapView.swift in Sources */,
				D75C50682BB111FE0006218B /* SampleParisLocations.swift in Sources */,
				D75C506D2BBA230A0006218B /* MTPlacemark.swift in Sources */,
				D75C50742BBF75080006218B /* MapManager.swift in Sources */,
				D7BD96792BD1FB6700C2DF80 /* LocationManager.swift in Sources */,
				D75C50502BA54FE40006218B /* MyMapApp.swift in Sources */,
				D75C50712BBCCBF40006218B /* DestinationsListView.swift in Sources */,
				D75C506B2BB6FD790006218B /* Destination.swift in Sources */,
			);
			runOnlyForDeploymentPostprocessing = 0;
		};
/* End PBXSourcesBuildPhase section */

/* Begin XCBuildConfiguration section */
		D75C50582BA54FE70006218B /* Debug */ = {
			isa = XCBuildConfiguration;
			buildSettings = {
				ALWAYS_SEARCH_USER_PATHS = NO;
				ASSETCATALOG_COMPILER_GENERATE_SWIFT_ASSET_SYMBOL_EXTENSIONS = YES;
				CLANG_ANALYZER_NONNULL = YES;
				CLANG_ANALYZER_NUMBER_OBJECT_CONVERSION = YES_AGGRESSIVE;
				CLANG_CXX_LANGUAGE_STANDARD = "gnu++20";
				CLANG_ENABLE_MODULES = YES;
				CLANG_ENABLE_OBJC_ARC = YES;
				CLANG_ENABLE_OBJC_WEAK = YES;
				CLANG_WARN_BLOCK_CAPTURE_AUTORELEASING = YES;
				CLANG_WARN_BOOL_CONVERSION = YES;
				CLANG_WARN_COMMA = YES;
				CLANG_WARN_CONSTANT_CONVERSION = YES;
				CLANG_WARN_DEPRECATED_OBJC_IMPLEMENTATIONS = YES;
				CLANG_WARN_DIRECT_OBJC_ISA_USAGE = YES_ERROR;
				CLANG_WARN_DOCUMENTATION_COMMENTS = YES;
				CLANG_WARN_EMPTY_BODY = YES;
				CLANG_WARN_ENUM_CONVERSION = YES;
				CLANG_WARN_INFINITE_RECURSION = YES;
				CLANG_WARN_INT_CONVERSION = YES;
				CLANG_WARN_NON_LITERAL_NULL_CONVERSION = YES;
				CLANG_WARN_OBJC_IMPLICIT_RETAIN_SELF = YES;
				CLANG_WARN_OBJC_LITERAL_CONVERSION = YES;
				CLANG_WARN_OBJC_ROOT_CLASS = YES_ERROR;
				CLANG_WARN_QUOTED_INCLUDE_IN_FRAMEWORK_HEADER = YES;
				CLANG_WARN_RANGE_LOOP_ANALYSIS = YES;
				CLANG_WARN_STRICT_PROTOTYPES = YES;
				CLANG_WARN_SUSPICIOUS_MOVE = YES;
				CLANG_WARN_UNGUARDED_AVAILABILITY = YES_AGGRESSIVE;
				CLANG_WARN_UNREACHABLE_CODE = YES;
				CLANG_WARN__DUPLICATE_METHOD_MATCH = YES;
				COPY_PHASE_STRIP = NO;
				DEBUG_INFORMATION_FORMAT = dwarf;
				ENABLE_STRICT_OBJC_MSGSEND = YES;
				ENABLE_TESTABILITY = YES;
				ENABLE_USER_SCRIPT_SANDBOXING = YES;
				GCC_C_LANGUAGE_STANDARD = gnu17;
				GCC_DYNAMIC_NO_PIC = NO;
				GCC_NO_COMMON_BLOCKS = YES;
				GCC_OPTIMIZATION_LEVEL = 0;
				GCC_PREPROCESSOR_DEFINITIONS = (
					"DEBUG=1",
					"$(inherited)",
				);
				GCC_WARN_64_TO_32_BIT_CONVERSION = YES;
				GCC_WARN_ABOUT_RETURN_TYPE = YES_ERROR;
				GCC_WARN_UNDECLARED_SELECTOR = YES;
				GCC_WARN_UNINITIALIZED_AUTOS = YES_AGGRESSIVE;
				GCC_WARN_UNUSED_FUNCTION = YES;
				GCC_WARN_UNUSED_VARIABLE = YES;
				IPHONEOS_DEPLOYMENT_TARGET = 17.4;
				LOCALIZATION_PREFERS_STRING_CATALOGS = YES;
				MTL_ENABLE_DEBUG_INFO = INCLUDE_SOURCE;
				MTL_FAST_MATH = YES;
				ONLY_ACTIVE_ARCH = YES;
				SDKROOT = iphoneos;
				SWIFT_ACTIVE_COMPILATION_CONDITIONS = "DEBUG $(inherited)";
				SWIFT_OPTIMIZATION_LEVEL = "-Onone";
			};
			name = Debug;
		};
		D75C50592BA54FE70006218B /* Release */ = {
			isa = XCBuildConfiguration;
			buildSettings = {
				ALWAYS_SEARCH_USER_PATHS = NO;
				ASSETCATALOG_COMPILER_GENERATE_SWIFT_ASSET_SYMBOL_EXTENSIONS = YES;
				CLANG_ANALYZER_NONNULL = YES;
				CLANG_ANALYZER_NUMBER_OBJECT_CONVERSION = YES_AGGRESSIVE;
				CLANG_CXX_LANGUAGE_STANDARD = "gnu++20";
				CLANG_ENABLE_MODULES = YES;
				CLANG_ENABLE_OBJC_ARC = YES;
				CLANG_ENABLE_OBJC_WEAK = YES;
				CLANG_WARN_BLOCK_CAPTURE_AUTORELEASING = YES;
				CLANG_WARN_BOOL_CONVERSION = YES;
				CLANG_WARN_COMMA = YES;
				CLANG_WARN_CONSTANT_CONVERSION = YES;
				CLANG_WARN_DEPRECATED_OBJC_IMPLEMENTATIONS = YES;
				CLANG_WARN_DIRECT_OBJC_ISA_USAGE = YES_ERROR;
				CLANG_WARN_DOCUMENTATION_COMMENTS = YES;
				CLANG_WARN_EMPTY_BODY = YES;
				CLANG_WARN_ENUM_CONVERSION = YES;
				CLANG_WARN_INFINITE_RECURSION = YES;
				CLANG_WARN_INT_CONVERSION = YES;
				CLANG_WARN_NON_LITERAL_NULL_CONVERSION = YES;
				CLANG_WARN_OBJC_IMPLICIT_RETAIN_SELF = YES;
				CLANG_WARN_OBJC_LITERAL_CONVERSION = YES;
				CLANG_WARN_OBJC_ROOT_CLASS = YES_ERROR;
				CLANG_WARN_QUOTED_INCLUDE_IN_FRAMEWORK_HEADER = YES;
				CLANG_WARN_RANGE_LOOP_ANALYSIS = YES;
				CLANG_WARN_STRICT_PROTOTYPES = YES;
				CLANG_WARN_SUSPICIOUS_MOVE = YES;
				CLANG_WARN_UNGUARDED_AVAILABILITY = YES_AGGRESSIVE;
				CLANG_WARN_UNREACHABLE_CODE = YES;
				CLANG_WARN__DUPLICATE_METHOD_MATCH = YES;
				COPY_PHASE_STRIP = NO;
				DEBUG_INFORMATION_FORMAT = "dwarf-with-dsym";
				ENABLE_NS_ASSERTIONS = NO;
				ENABLE_STRICT_OBJC_MSGSEND = YES;
				ENABLE_USER_SCRIPT_SANDBOXING = YES;
				GCC_C_LANGUAGE_STANDARD = gnu17;
				GCC_NO_COMMON_BLOCKS = YES;
				GCC_WARN_64_TO_32_BIT_CONVERSION = YES;
				GCC_WARN_ABOUT_RETURN_TYPE = YES_ERROR;
				GCC_WARN_UNDECLARED_SELECTOR = YES;
				GCC_WARN_UNINITIALIZED_AUTOS = YES_AGGRESSIVE;
				GCC_WARN_UNUSED_FUNCTION = YES;
				GCC_WARN_UNUSED_VARIABLE = YES;
				IPHONEOS_DEPLOYMENT_TARGET = 17.4;
				LOCALIZATION_PREFERS_STRING_CATALOGS = YES;
				MTL_ENABLE_DEBUG_INFO = NO;
				MTL_FAST_MATH = YES;
				SDKROOT = iphoneos;
				SWIFT_COMPILATION_MODE = wholemodule;
				VALIDATE_PRODUCT = YES;
			};
			name = Release;
		};
		D75C505B2BA54FE70006218B /* Debug */ = {
			isa = XCBuildConfiguration;
			buildSettings = {
				ASSETCATALOG_COMPILER_APPICON_NAME = AppIcon;
				ASSETCATALOG_COMPILER_GLOBAL_ACCENT_COLOR_NAME = AccentColor;
				CODE_SIGN_STYLE = Automatic;
				CURRENT_PROJECT_VERSION = 1;
				DEVELOPMENT_ASSET_PATHS = "\"MyMap/Preview Content\"";
				DEVELOPMENT_TEAM = Z4ATHXWCDV;
				ENABLE_PREVIEWS = YES;
				GENERATE_INFOPLIST_FILE = YES;
				INFOPLIST_KEY_NSLocationWhenInUseUsageDescription = "Need to know your location so you can plan your trip.";
				INFOPLIST_KEY_UIApplicationSceneManifest_Generation = YES;
				INFOPLIST_KEY_UIApplicationSupportsIndirectInputEvents = YES;
				INFOPLIST_KEY_UILaunchScreen_Generation = YES;
				INFOPLIST_KEY_UILaunchStoryboardName = "Launch Screen.storyboard";
				INFOPLIST_KEY_UISupportedInterfaceOrientations = UIInterfaceOrientationPortrait;
				INFOPLIST_KEY_UISupportedInterfaceOrientations_iPad = "UIInterfaceOrientationLandscapeLeft UIInterfaceOrientationLandscapeRight UIInterfaceOrientationPortrait UIInterfaceOrientationPortraitUpsideDown";
				LD_RUNPATH_SEARCH_PATHS = (
					"$(inherited)",
					"@executable_path/Frameworks",
				);
				MARKETING_VERSION = 1.0;
				PRODUCT_BUNDLE_IDENTIFIER = com.leonardmccook.MyMap;
				PRODUCT_NAME = "$(TARGET_NAME)";
				SWIFT_EMIT_LOC_STRINGS = YES;
				SWIFT_VERSION = 5.0;
				TARGETED_DEVICE_FAMILY = "1,2";
			};
			name = Debug;
		};
		D75C505C2BA54FE70006218B /* Release */ = {
			isa = XCBuildConfiguration;
			buildSettings = {
				ASSETCATALOG_COMPILER_APPICON_NAME = AppIcon;
				ASSETCATALOG_COMPILER_GLOBAL_ACCENT_COLOR_NAME = AccentColor;
				CODE_SIGN_STYLE = Automatic;
				CURRENT_PROJECT_VERSION = 1;
				DEVELOPMENT_ASSET_PATHS = "\"MyMap/Preview Content\"";
				DEVELOPMENT_TEAM = Z4ATHXWCDV;
				ENABLE_PREVIEWS = YES;
				GENERATE_INFOPLIST_FILE = YES;
				INFOPLIST_KEY_NSLocationWhenInUseUsageDescription = "Need to know your location so you can plan your trip.";
				INFOPLIST_KEY_UIApplicationSceneManifest_Generation = YES;
				INFOPLIST_KEY_UIApplicationSupportsIndirectInputEvents = YES;
				INFOPLIST_KEY_UILaunchScreen_Generation = YES;
				INFOPLIST_KEY_UILaunchStoryboardName = "Launch Screen.storyboard";
				INFOPLIST_KEY_UISupportedInterfaceOrientations = UIInterfaceOrientationPortrait;
				INFOPLIST_KEY_UISupportedInterfaceOrientations_iPad = "UIInterfaceOrientationLandscapeLeft UIInterfaceOrientationLandscapeRight UIInterfaceOrientationPortrait UIInterfaceOrientationPortraitUpsideDown";
				LD_RUNPATH_SEARCH_PATHS = (
					"$(inherited)",
					"@executable_path/Frameworks",
				);
				MARKETING_VERSION = 1.0;
				PRODUCT_BUNDLE_IDENTIFIER = com.leonardmccook.MyMap;
				PRODUCT_NAME = "$(TARGET_NAME)";
				SWIFT_EMIT_LOC_STRINGS = YES;
				SWIFT_VERSION = 5.0;
				TARGETED_DEVICE_FAMILY = "1,2";
			};
			name = Release;
		};
/* End XCBuildConfiguration section */

/* Begin XCConfigurationList section */
		D75C50472BA54FE40006218B /* Build configuration list for PBXProject "MyMap" */ = {
			isa = XCConfigurationList;
			buildConfigurations = (
				D75C50582BA54FE70006218B /* Debug */,
				D75C50592BA54FE70006218B /* Release */,
			);
			defaultConfigurationIsVisible = 0;
			defaultConfigurationName = Release;
		};
		D75C505A2BA54FE70006218B /* Build configuration list for PBXNativeTarget "MyMap" */ = {
			isa = XCConfigurationList;
			buildConfigurations = (
				D75C505B2BA54FE70006218B /* Debug */,
				D75C505C2BA54FE70006218B /* Release */,
			);
			defaultConfigurationIsVisible = 0;
			defaultConfigurationName = Release;
		};
/* End XCConfigurationList section */
	};
	rootObject = D75C50442BA54FE40006218B /* Project object */;
}
